// !$*UTF8*$!
{
	archiveVersion = 1;
	classes = {
	};
	objectVersion = 46;
	objects = {

/* Begin PBXBuildFile section */
		171BCCA51DD4B6FF009FF89E /* main.m in Sources */ = {isa = PBXBuildFile; fileRef = 171BCCA41DD4B6FF009FF89E /* main.m */; };
		171BCCA81DD4B6FF009FF89E /* AppDelegate.m in Sources */ = {isa = PBXBuildFile; fileRef = 171BCCA71DD4B6FF009FF89E /* AppDelegate.m */; };
		171BCCAB1DD4B6FF009FF89E /* LoginViewController.m in Sources */ = {isa = PBXBuildFile; fileRef = 171BCCAA1DD4B6FF009FF89E /* LoginViewController.m */; };
		171BCCAE1DD4B6FF009FF89E /* Main.storyboard in Resources */ = {isa = PBXBuildFile; fileRef = 171BCCAC1DD4B6FF009FF89E /* Main.storyboard */; };
		171BCCB01DD4B6FF009FF89E /* Assets.xcassets in Resources */ = {isa = PBXBuildFile; fileRef = 171BCCAF1DD4B6FF009FF89E /* Assets.xcassets */; };
		171BCCB31DD4B6FF009FF89E /* LaunchScreen.storyboard in Resources */ = {isa = PBXBuildFile; fileRef = 171BCCB11DD4B6FF009FF89E /* LaunchScreen.storyboard */; };
		171BCCCC1DD4B859009FF89E /* QuartzCore.framework in Frameworks */ = {isa = PBXBuildFile; fileRef = 171BCCCB1DD4B859009FF89E /* QuartzCore.framework */; };
		171BCCCE1DD4B864009FF89E /* ImageIO.framework in Frameworks */ = {isa = PBXBuildFile; fileRef = 171BCCCD1DD4B864009FF89E /* ImageIO.framework */; };
		171BCCD01DD4B86D009FF89E /* SystemConfiguration.framework in Frameworks */ = {isa = PBXBuildFile; fileRef = 171BCCCF1DD4B86D009FF89E /* SystemConfiguration.framework */; };
		171BCCD21DD4B878009FF89E /* Security.framework in Frameworks */ = {isa = PBXBuildFile; fileRef = 171BCCD11DD4B878009FF89E /* Security.framework */; };
		171BCCD51DD4B887009FF89E /* CoreTelephony.framework in Frameworks */ = {isa = PBXBuildFile; fileRef = 171BCCD31DD4B887009FF89E /* CoreTelephony.framework */; };
		171BCCD61DD4B887009FF89E /* CoreText.framework in Frameworks */ = {isa = PBXBuildFile; fileRef = 171BCCD41DD4B887009FF89E /* CoreText.framework */; };
		171BCCD81DD4B893009FF89E /* UIKit.framework in Frameworks */ = {isa = PBXBuildFile; fileRef = 171BCCD71DD4B893009FF89E /* UIKit.framework */; };
		171BCCDA1DD4B89A009FF89E /* Foundation.framework in Frameworks */ = {isa = PBXBuildFile; fileRef = 171BCCD91DD4B89A009FF89E /* Foundation.framework */; };
		171BCCDC1DD4B8AB009FF89E /* CoreGraphics.framework in Frameworks */ = {isa = PBXBuildFile; fileRef = 171BCCDB1DD4B8AB009FF89E /* CoreGraphics.framework */; };
		171BCCDE1DD4B8B6009FF89E /* libsqlite3.tbd in Frameworks */ = {isa = PBXBuildFile; fileRef = 171BCCDD1DD4B8B6009FF89E /* libsqlite3.tbd */; };
		171BCCE01DD4B8CF009FF89E /* libz.tbd in Frameworks */ = {isa = PBXBuildFile; fileRef = 171BCCDF1DD4B8CF009FF89E /* libz.tbd */; };
		171BCCE41DD60210009FF89E /* WBUser.m in Sources */ = {isa = PBXBuildFile; fileRef = 171BCCE31DD60210009FF89E /* WBUser.m */; };
		171BCCE71DD60245009FF89E /* WBStatus.m in Sources */ = {isa = PBXBuildFile; fileRef = 171BCCE61DD60245009FF89E /* WBStatus.m */; };
		171BCCEA1DD60E71009FF89E /* HomeTableViewController.m in Sources */ = {isa = PBXBuildFile; fileRef = 171BCCE91DD60E71009FF89E /* HomeTableViewController.m */; };
		171BCCF01DD61C57009FF89E /* WBAuthorizeResponse+copy.m in Sources */ = {isa = PBXBuildFile; fileRef = 171BCCEF1DD61C57009FF89E /* WBAuthorizeResponse+copy.m */; };
		171BCCF81DD698F3009FF89E /* constant.m in Sources */ = {isa = PBXBuildFile; fileRef = 171BCCF71DD698F3009FF89E /* constant.m */; };
		171BCCFB1DD69BE3009FF89E /* WeiBoTabBarController.m in Sources */ = {isa = PBXBuildFile; fileRef = 171BCCFA1DD69BE3009FF89E /* WeiBoTabBarController.m */; };
		171BCCFE1DD6C110009FF89E /* UserWeiBoTableViewController.m in Sources */ = {isa = PBXBuildFile; fileRef = 171BCCFD1DD6C110009FF89E /* UserWeiBoTableViewController.m */; };
		171BCD0C1DD7025A009FF89E /* NSString+Additions.m in Sources */ = {isa = PBXBuildFile; fileRef = 171BCD011DD7025A009FF89E /* NSString+Additions.m */; };
		171BCD0D1DD7025A009FF89E /* UIScreen+Additions.m in Sources */ = {isa = PBXBuildFile; fileRef = 171BCD031DD7025A009FF89E /* UIScreen+Additions.m */; };
		171BCD0E1DD7025A009FF89E /* UIView+Additions.m in Sources */ = {isa = PBXBuildFile; fileRef = 171BCD051DD7025A009FF89E /* UIView+Additions.m */; };
		171BCD1A1DD7347D009FF89E /* WBStatusCell.m in Sources */ = {isa = PBXBuildFile; fileRef = 171BCD191DD7347D009FF89E /* WBStatusCell.m */; };
		171BCD1D1DD7F666009FF89E /* WBStatusLayout.m in Sources */ = {isa = PBXBuildFile; fileRef = 171BCD1C1DD7F666009FF89E /* WBStatusLayout.m */; };
		171BCD291DDAD6A5009FF89E /* STalkTextAttachment.m in Sources */ = {isa = PBXBuildFile; fileRef = 171BCD281DDAD6A5009FF89E /* STalkTextAttachment.m */; };
		171BCD2C1DDADA38009FF89E /* Emotion.m in Sources */ = {isa = PBXBuildFile; fileRef = 171BCD2B1DDADA38009FF89E /* Emotion.m */; };
		171BCD521DDB4D5E009FF89E /* STalkTextView.m in Sources */ = {isa = PBXBuildFile; fileRef = 171BCD511DDB4D5E009FF89E /* STalkTextView.m */; };
		171BCD5A1DDBFC1F009FF89E /* EmotionHelper.m in Sources */ = {isa = PBXBuildFile; fileRef = 171BCD591DDBFC1F009FF89E /* EmotionHelper.m */; };
		1741E6621DDF165D00C887D0 /* UserViewController.m in Sources */ = {isa = PBXBuildFile; fileRef = 1741E6611DDF165D00C887D0 /* UserViewController.m */; };
		1741E66E1DE1AB6A00C887D0 /* WBRequestQueue.m in Sources */ = {isa = PBXBuildFile; fileRef = 1741E66D1DE1AB6A00C887D0 /* WBRequestQueue.m */; };
		1741E6711DE1D44300C887D0 /* NSObject+runtime.m in Sources */ = {isa = PBXBuildFile; fileRef = 1741E6701DE1D44300C887D0 /* NSObject+runtime.m */; };
		1741E6741DE1DEBD00C887D0 /* YYFPSLabel.m in Sources */ = {isa = PBXBuildFile; fileRef = 1741E6731DE1DEBD00C887D0 /* YYFPSLabel.m */; };
		177B20F11DE43650005A1438 /* TopicController.m in Sources */ = {isa = PBXBuildFile; fileRef = 177B20F01DE43650005A1438 /* TopicController.m */; };
		177B20F41DE43CB0005A1438 /* SendStatusViewController.m in Sources */ = {isa = PBXBuildFile; fileRef = 177B20F31DE43CB0005A1438 /* SendStatusViewController.m */; };
		177B20F71DE43F11005A1438 /* APPHelper.m in Sources */ = {isa = PBXBuildFile; fileRef = 177B20F61DE43F11005A1438 /* APPHelper.m */; };
		177B20FA1DE527CE005A1438 /* YYPhotoGroupView.m in Sources */ = {isa = PBXBuildFile; fileRef = 177B20F91DE527CE005A1438 /* YYPhotoGroupView.m */; };
		177B20FD1DE52CB0005A1438 /* WBPicture.m in Sources */ = {isa = PBXBuildFile; fileRef = 177B20FC1DE52CB0005A1438 /* WBPicture.m */; };
		177B21021DE56F61005A1438 /* clear.png in Resources */ = {isa = PBXBuildFile; fileRef = 177B21011DE56F61005A1438 /* clear.png */; };
		177B21041DE5797A005A1438 /* clear247.png in Resources */ = {isa = PBXBuildFile; fileRef = 177B21031DE5797A005A1438 /* clear247.png */; };
		177B21071DE6D53B005A1438 /* PhotoBrowerViewController.m in Sources */ = {isa = PBXBuildFile; fileRef = 177B21061DE6D53B005A1438 /* PhotoBrowerViewController.m */; };
		17AFD3F41DDDFABF007C7DB9 /* emotionResource.bundle in Resources */ = {isa = PBXBuildFile; fileRef = 17AFD3F31DDDFABF007C7DB9 /* emotionResource.bundle */; };
		17AFD3F71DDED732007C7DB9 /* StatusDetailViewController.m in Sources */ = {isa = PBXBuildFile; fileRef = 17AFD3F61DDED732007C7DB9 /* StatusDetailViewController.m */; };
		17FA23001DE3CE0C00617651 /* WBHttpRequest+STalk.m in Sources */ = {isa = PBXBuildFile; fileRef = 17FA22FF1DE3CE0C00617651 /* WBHttpRequest+STalk.m */; };
		17FA23091DE3DD8D00617651 /* StatusDataSource.m in Sources */ = {isa = PBXBuildFile; fileRef = 17FA23081DE3DD8D00617651 /* StatusDataSource.m */; };
		94EB5C9CEFE6D90560C4BBA6 /* libPods-stalk.a in Frameworks */ = {isa = PBXBuildFile; fileRef = A428582C3D25FA0ACB23CE58 /* libPods-stalk.a */; };
/* End PBXBuildFile section */

/* Begin PBXFileReference section */
		171BCCA01DD4B6FF009FF89E /* stalk.app */ = {isa = PBXFileReference; explicitFileType = wrapper.application; includeInIndex = 0; path = stalk.app; sourceTree = BUILT_PRODUCTS_DIR; };
		171BCCA41DD4B6FF009FF89E /* main.m */ = {isa = PBXFileReference; lastKnownFileType = sourcecode.c.objc; path = main.m; sourceTree = "<group>"; };
		171BCCA61DD4B6FF009FF89E /* AppDelegate.h */ = {isa = PBXFileReference; lastKnownFileType = sourcecode.c.h; path = AppDelegate.h; sourceTree = "<group>"; };
		171BCCA71DD4B6FF009FF89E /* AppDelegate.m */ = {isa = PBXFileReference; lastKnownFileType = sourcecode.c.objc; path = AppDelegate.m; sourceTree = "<group>"; };
		171BCCA91DD4B6FF009FF89E /* LoginViewController.h */ = {isa = PBXFileReference; lastKnownFileType = sourcecode.c.h; path = LoginViewController.h; sourceTree = "<group>"; };
		171BCCAA1DD4B6FF009FF89E /* LoginViewController.m */ = {isa = PBXFileReference; lastKnownFileType = sourcecode.c.objc; path = LoginViewController.m; sourceTree = "<group>"; };
		171BCCAD1DD4B6FF009FF89E /* Base */ = {isa = PBXFileReference; lastKnownFileType = file.storyboard; name = Base; path = Base.lproj/Main.storyboard; sourceTree = "<group>"; };
		171BCCAF1DD4B6FF009FF89E /* Assets.xcassets */ = {isa = PBXFileReference; lastKnownFileType = folder.assetcatalog; path = Assets.xcassets; sourceTree = "<group>"; };
		171BCCB21DD4B6FF009FF89E /* Base */ = {isa = PBXFileReference; lastKnownFileType = file.storyboard; name = Base; path = Base.lproj/LaunchScreen.storyboard; sourceTree = "<group>"; };
		171BCCB41DD4B6FF009FF89E /* Info.plist */ = {isa = PBXFileReference; lastKnownFileType = text.plist.xml; path = Info.plist; sourceTree = "<group>"; };
		171BCCCB1DD4B859009FF89E /* QuartzCore.framework */ = {isa = PBXFileReference; lastKnownFileType = wrapper.framework; name = QuartzCore.framework; path = System/Library/Frameworks/QuartzCore.framework; sourceTree = SDKROOT; };
		171BCCCD1DD4B864009FF89E /* ImageIO.framework */ = {isa = PBXFileReference; lastKnownFileType = wrapper.framework; name = ImageIO.framework; path = System/Library/Frameworks/ImageIO.framework; sourceTree = SDKROOT; };
		171BCCCF1DD4B86D009FF89E /* SystemConfiguration.framework */ = {isa = PBXFileReference; lastKnownFileType = wrapper.framework; name = SystemConfiguration.framework; path = System/Library/Frameworks/SystemConfiguration.framework; sourceTree = SDKROOT; };
		171BCCD11DD4B878009FF89E /* Security.framework */ = {isa = PBXFileReference; lastKnownFileType = wrapper.framework; name = Security.framework; path = System/Library/Frameworks/Security.framework; sourceTree = SDKROOT; };
		171BCCD31DD4B887009FF89E /* CoreTelephony.framework */ = {isa = PBXFileReference; lastKnownFileType = wrapper.framework; name = CoreTelephony.framework; path = System/Library/Frameworks/CoreTelephony.framework; sourceTree = SDKROOT; };
		171BCCD41DD4B887009FF89E /* CoreText.framework */ = {isa = PBXFileReference; lastKnownFileType = wrapper.framework; name = CoreText.framework; path = System/Library/Frameworks/CoreText.framework; sourceTree = SDKROOT; };
		171BCCD71DD4B893009FF89E /* UIKit.framework */ = {isa = PBXFileReference; lastKnownFileType = wrapper.framework; name = UIKit.framework; path = System/Library/Frameworks/UIKit.framework; sourceTree = SDKROOT; };
		171BCCD91DD4B89A009FF89E /* Foundation.framework */ = {isa = PBXFileReference; lastKnownFileType = wrapper.framework; name = Foundation.framework; path = System/Library/Frameworks/Foundation.framework; sourceTree = SDKROOT; };
		171BCCDB1DD4B8AB009FF89E /* CoreGraphics.framework */ = {isa = PBXFileReference; lastKnownFileType = wrapper.framework; name = CoreGraphics.framework; path = System/Library/Frameworks/CoreGraphics.framework; sourceTree = SDKROOT; };
		171BCCDD1DD4B8B6009FF89E /* libsqlite3.tbd */ = {isa = PBXFileReference; lastKnownFileType = "sourcecode.text-based-dylib-definition"; name = libsqlite3.tbd; path = usr/lib/libsqlite3.tbd; sourceTree = SDKROOT; };
		171BCCDF1DD4B8CF009FF89E /* libz.tbd */ = {isa = PBXFileReference; lastKnownFileType = "sourcecode.text-based-dylib-definition"; name = libz.tbd; path = usr/lib/libz.tbd; sourceTree = SDKROOT; };
		171BCCE11DD4B93B009FF89E /* stalk-prefix.pch */ = {isa = PBXFileReference; lastKnownFileType = sourcecode.c.h; path = "stalk-prefix.pch"; sourceTree = "<group>"; };
		171BCCE21DD60210009FF89E /* WBUser.h */ = {isa = PBXFileReference; fileEncoding = 4; lastKnownFileType = sourcecode.c.h; path = WBUser.h; sourceTree = "<group>"; };
		171BCCE31DD60210009FF89E /* WBUser.m */ = {isa = PBXFileReference; fileEncoding = 4; lastKnownFileType = sourcecode.c.objc; path = WBUser.m; sourceTree = "<group>"; };
		171BCCE51DD60245009FF89E /* WBStatus.h */ = {isa = PBXFileReference; fileEncoding = 4; lastKnownFileType = sourcecode.c.h; path = WBStatus.h; sourceTree = "<group>"; };
		171BCCE61DD60245009FF89E /* WBStatus.m */ = {isa = PBXFileReference; fileEncoding = 4; lastKnownFileType = sourcecode.c.objc; path = WBStatus.m; sourceTree = "<group>"; };
		171BCCE81DD60E71009FF89E /* HomeTableViewController.h */ = {isa = PBXFileReference; fileEncoding = 4; lastKnownFileType = sourcecode.c.h; path = HomeTableViewController.h; sourceTree = "<group>"; };
		171BCCE91DD60E71009FF89E /* HomeTableViewController.m */ = {isa = PBXFileReference; fileEncoding = 4; lastKnownFileType = sourcecode.c.objc; path = HomeTableViewController.m; sourceTree = "<group>"; };
		171BCCEE1DD61C57009FF89E /* WBAuthorizeResponse+copy.h */ = {isa = PBXFileReference; fileEncoding = 4; lastKnownFileType = sourcecode.c.h; path = "WBAuthorizeResponse+copy.h"; sourceTree = "<group>"; };
		171BCCEF1DD61C57009FF89E /* WBAuthorizeResponse+copy.m */ = {isa = PBXFileReference; fileEncoding = 4; lastKnownFileType = sourcecode.c.objc; path = "WBAuthorizeResponse+copy.m"; sourceTree = "<group>"; };
		171BCCF41DD696F5009FF89E /* constant.h */ = {isa = PBXFileReference; lastKnownFileType = sourcecode.c.h; path = constant.h; sourceTree = "<group>"; };
		171BCCF71DD698F3009FF89E /* constant.m */ = {isa = PBXFileReference; fileEncoding = 4; lastKnownFileType = sourcecode.c.objc; path = constant.m; sourceTree = "<group>"; };
		171BCCF91DD69BE3009FF89E /* WeiBoTabBarController.h */ = {isa = PBXFileReference; fileEncoding = 4; lastKnownFileType = sourcecode.c.h; path = WeiBoTabBarController.h; sourceTree = "<group>"; };
		171BCCFA1DD69BE3009FF89E /* WeiBoTabBarController.m */ = {isa = PBXFileReference; fileEncoding = 4; lastKnownFileType = sourcecode.c.objc; path = WeiBoTabBarController.m; sourceTree = "<group>"; };
		171BCCFC1DD6C110009FF89E /* UserWeiBoTableViewController.h */ = {isa = PBXFileReference; fileEncoding = 4; lastKnownFileType = sourcecode.c.h; path = UserWeiBoTableViewController.h; sourceTree = "<group>"; };
		171BCCFD1DD6C110009FF89E /* UserWeiBoTableViewController.m */ = {isa = PBXFileReference; fileEncoding = 4; lastKnownFileType = sourcecode.c.objc; path = UserWeiBoTableViewController.m; sourceTree = "<group>"; };
		171BCD001DD7025A009FF89E /* NSString+Additions.h */ = {isa = PBXFileReference; fileEncoding = 4; lastKnownFileType = sourcecode.c.h; path = "NSString+Additions.h"; sourceTree = "<group>"; };
		171BCD011DD7025A009FF89E /* NSString+Additions.m */ = {isa = PBXFileReference; fileEncoding = 4; lastKnownFileType = sourcecode.c.objc; path = "NSString+Additions.m"; sourceTree = "<group>"; };
		171BCD021DD7025A009FF89E /* UIScreen+Additions.h */ = {isa = PBXFileReference; fileEncoding = 4; lastKnownFileType = sourcecode.c.h; path = "UIScreen+Additions.h"; sourceTree = "<group>"; };
		171BCD031DD7025A009FF89E /* UIScreen+Additions.m */ = {isa = PBXFileReference; fileEncoding = 4; lastKnownFileType = sourcecode.c.objc; path = "UIScreen+Additions.m"; sourceTree = "<group>"; };
		171BCD041DD7025A009FF89E /* UIView+Additions.h */ = {isa = PBXFileReference; fileEncoding = 4; lastKnownFileType = sourcecode.c.h; path = "UIView+Additions.h"; sourceTree = "<group>"; };
		171BCD051DD7025A009FF89E /* UIView+Additions.m */ = {isa = PBXFileReference; fileEncoding = 4; lastKnownFileType = sourcecode.c.objc; path = "UIView+Additions.m"; sourceTree = "<group>"; };
		171BCD181DD7347D009FF89E /* WBStatusCell.h */ = {isa = PBXFileReference; fileEncoding = 4; lastKnownFileType = sourcecode.c.h; path = WBStatusCell.h; sourceTree = "<group>"; };
		171BCD191DD7347D009FF89E /* WBStatusCell.m */ = {isa = PBXFileReference; fileEncoding = 4; lastKnownFileType = sourcecode.c.objc; path = WBStatusCell.m; sourceTree = "<group>"; };
		171BCD1B1DD7F666009FF89E /* WBStatusLayout.h */ = {isa = PBXFileReference; fileEncoding = 4; lastKnownFileType = sourcecode.c.h; path = WBStatusLayout.h; sourceTree = "<group>"; };
		171BCD1C1DD7F666009FF89E /* WBStatusLayout.m */ = {isa = PBXFileReference; fileEncoding = 4; lastKnownFileType = sourcecode.c.objc; path = WBStatusLayout.m; sourceTree = "<group>"; };
		171BCD271DDAD6A5009FF89E /* STalkTextAttachment.h */ = {isa = PBXFileReference; fileEncoding = 4; lastKnownFileType = sourcecode.c.h; path = STalkTextAttachment.h; sourceTree = "<group>"; };
		171BCD281DDAD6A5009FF89E /* STalkTextAttachment.m */ = {isa = PBXFileReference; fileEncoding = 4; lastKnownFileType = sourcecode.c.objc; path = STalkTextAttachment.m; sourceTree = "<group>"; };
		171BCD2A1DDADA38009FF89E /* Emotion.h */ = {isa = PBXFileReference; fileEncoding = 4; lastKnownFileType = sourcecode.c.h; path = Emotion.h; sourceTree = "<group>"; };
		171BCD2B1DDADA38009FF89E /* Emotion.m */ = {isa = PBXFileReference; fileEncoding = 4; lastKnownFileType = sourcecode.c.objc; path = Emotion.m; sourceTree = "<group>"; };
		171BCD501DDB4D5E009FF89E /* STalkTextView.h */ = {isa = PBXFileReference; fileEncoding = 4; lastKnownFileType = sourcecode.c.h; path = STalkTextView.h; sourceTree = "<group>"; };
		171BCD511DDB4D5E009FF89E /* STalkTextView.m */ = {isa = PBXFileReference; fileEncoding = 4; lastKnownFileType = sourcecode.c.objc; path = STalkTextView.m; sourceTree = "<group>"; };
		171BCD581DDBFC1F009FF89E /* EmotionHelper.h */ = {isa = PBXFileReference; fileEncoding = 4; lastKnownFileType = sourcecode.c.h; path = EmotionHelper.h; sourceTree = "<group>"; };
		171BCD591DDBFC1F009FF89E /* EmotionHelper.m */ = {isa = PBXFileReference; fileEncoding = 4; lastKnownFileType = sourcecode.c.objc; path = EmotionHelper.m; sourceTree = "<group>"; };
		1741E6601DDF165D00C887D0 /* UserViewController.h */ = {isa = PBXFileReference; fileEncoding = 4; lastKnownFileType = sourcecode.c.h; path = UserViewController.h; sourceTree = "<group>"; };
		1741E6611DDF165D00C887D0 /* UserViewController.m */ = {isa = PBXFileReference; fileEncoding = 4; lastKnownFileType = sourcecode.c.objc; path = UserViewController.m; sourceTree = "<group>"; };
		1741E66C1DE1AB6A00C887D0 /* WBRequestQueue.h */ = {isa = PBXFileReference; fileEncoding = 4; lastKnownFileType = sourcecode.c.h; path = WBRequestQueue.h; sourceTree = "<group>"; };
		1741E66D1DE1AB6A00C887D0 /* WBRequestQueue.m */ = {isa = PBXFileReference; fileEncoding = 4; lastKnownFileType = sourcecode.c.objc; path = WBRequestQueue.m; sourceTree = "<group>"; };
		1741E66F1DE1D44300C887D0 /* NSObject+runtime.h */ = {isa = PBXFileReference; fileEncoding = 4; lastKnownFileType = sourcecode.c.h; path = "NSObject+runtime.h"; sourceTree = "<group>"; };
		1741E6701DE1D44300C887D0 /* NSObject+runtime.m */ = {isa = PBXFileReference; fileEncoding = 4; lastKnownFileType = sourcecode.c.objc; path = "NSObject+runtime.m"; sourceTree = "<group>"; };
		1741E6721DE1DEBD00C887D0 /* YYFPSLabel.h */ = {isa = PBXFileReference; fileEncoding = 4; lastKnownFileType = sourcecode.c.h; path = YYFPSLabel.h; sourceTree = "<group>"; };
		1741E6731DE1DEBD00C887D0 /* YYFPSLabel.m */ = {isa = PBXFileReference; fileEncoding = 4; lastKnownFileType = sourcecode.c.objc; path = YYFPSLabel.m; sourceTree = "<group>"; };
		177B20EF1DE43650005A1438 /* TopicController.h */ = {isa = PBXFileReference; fileEncoding = 4; lastKnownFileType = sourcecode.c.h; path = TopicController.h; sourceTree = "<group>"; };
		177B20F01DE43650005A1438 /* TopicController.m */ = {isa = PBXFileReference; fileEncoding = 4; lastKnownFileType = sourcecode.c.objc; path = TopicController.m; sourceTree = "<group>"; };
		177B20F21DE43CB0005A1438 /* SendStatusViewController.h */ = {isa = PBXFileReference; fileEncoding = 4; lastKnownFileType = sourcecode.c.h; path = SendStatusViewController.h; sourceTree = "<group>"; };
		177B20F31DE43CB0005A1438 /* SendStatusViewController.m */ = {isa = PBXFileReference; fileEncoding = 4; lastKnownFileType = sourcecode.c.objc; path = SendStatusViewController.m; sourceTree = "<group>"; };
		177B20F51DE43F11005A1438 /* APPHelper.h */ = {isa = PBXFileReference; fileEncoding = 4; lastKnownFileType = sourcecode.c.h; path = APPHelper.h; sourceTree = "<group>"; };
		177B20F61DE43F11005A1438 /* APPHelper.m */ = {isa = PBXFileReference; fileEncoding = 4; lastKnownFileType = sourcecode.c.objc; path = APPHelper.m; sourceTree = "<group>"; };
		177B20F81DE527CE005A1438 /* YYPhotoGroupView.h */ = {isa = PBXFileReference; fileEncoding = 4; lastKnownFileType = sourcecode.c.h; path = YYPhotoGroupView.h; sourceTree = "<group>"; };
		177B20F91DE527CE005A1438 /* YYPhotoGroupView.m */ = {isa = PBXFileReference; fileEncoding = 4; lastKnownFileType = sourcecode.c.objc; path = YYPhotoGroupView.m; sourceTree = "<group>"; };
		177B20FB1DE52CB0005A1438 /* WBPicture.h */ = {isa = PBXFileReference; fileEncoding = 4; lastKnownFileType = sourcecode.c.h; path = WBPicture.h; sourceTree = "<group>"; };
		177B20FC1DE52CB0005A1438 /* WBPicture.m */ = {isa = PBXFileReference; fileEncoding = 4; lastKnownFileType = sourcecode.c.objc; path = WBPicture.m; sourceTree = "<group>"; };
		177B21011DE56F61005A1438 /* clear.png */ = {isa = PBXFileReference; lastKnownFileType = image.png; path = clear.png; sourceTree = "<group>"; };
		177B21031DE5797A005A1438 /* clear247.png */ = {isa = PBXFileReference; lastKnownFileType = image.png; path = clear247.png; sourceTree = "<group>"; };
		177B21051DE6D53B005A1438 /* PhotoBrowerViewController.h */ = {isa = PBXFileReference; fileEncoding = 4; lastKnownFileType = sourcecode.c.h; path = PhotoBrowerViewController.h; sourceTree = "<group>"; };
		177B21061DE6D53B005A1438 /* PhotoBrowerViewController.m */ = {isa = PBXFileReference; fileEncoding = 4; lastKnownFileType = sourcecode.c.objc; path = PhotoBrowerViewController.m; sourceTree = "<group>"; };
		17AFD3F31DDDFABF007C7DB9 /* emotionResource.bundle */ = {isa = PBXFileReference; lastKnownFileType = "wrapper.plug-in"; path = emotionResource.bundle; sourceTree = "<group>"; };
		17AFD3F51DDED731007C7DB9 /* StatusDetailViewController.h */ = {isa = PBXFileReference; fileEncoding = 4; lastKnownFileType = sourcecode.c.h; path = StatusDetailViewController.h; sourceTree = "<group>"; };
		17AFD3F61DDED732007C7DB9 /* StatusDetailViewController.m */ = {isa = PBXFileReference; fileEncoding = 4; lastKnownFileType = sourcecode.c.objc; path = StatusDetailViewController.m; sourceTree = "<group>"; };
		17FA22FE1DE3CE0C00617651 /* WBHttpRequest+STalk.h */ = {isa = PBXFileReference; fileEncoding = 4; lastKnownFileType = sourcecode.c.h; path = "WBHttpRequest+STalk.h"; sourceTree = "<group>"; };
		17FA22FF1DE3CE0C00617651 /* WBHttpRequest+STalk.m */ = {isa = PBXFileReference; fileEncoding = 4; lastKnownFileType = sourcecode.c.objc; path = "WBHttpRequest+STalk.m"; sourceTree = "<group>"; };
		17FA23071DE3DD8D00617651 /* StatusDataSource.h */ = {isa = PBXFileReference; fileEncoding = 4; lastKnownFileType = sourcecode.c.h; path = StatusDataSource.h; sourceTree = "<group>"; };
		17FA23081DE3DD8D00617651 /* StatusDataSource.m */ = {isa = PBXFileReference; fileEncoding = 4; lastKnownFileType = sourcecode.c.objc; path = StatusDataSource.m; sourceTree = "<group>"; };
		87E2433D0244AA4FB3BC3E1D /* Pods-stalk.debug.xcconfig */ = {isa = PBXFileReference; includeInIndex = 1; lastKnownFileType = text.xcconfig; name = "Pods-stalk.debug.xcconfig"; path = "Pods/Target Support Files/Pods-stalk/Pods-stalk.debug.xcconfig"; sourceTree = "<group>"; };
		A428582C3D25FA0ACB23CE58 /* libPods-stalk.a */ = {isa = PBXFileReference; explicitFileType = archive.ar; includeInIndex = 0; path = "libPods-stalk.a"; sourceTree = BUILT_PRODUCTS_DIR; };
		DD42CF7E439995A5093D552A /* Pods-stalk.release.xcconfig */ = {isa = PBXFileReference; includeInIndex = 1; lastKnownFileType = text.xcconfig; name = "Pods-stalk.release.xcconfig"; path = "Pods/Target Support Files/Pods-stalk/Pods-stalk.release.xcconfig"; sourceTree = "<group>"; };
/* End PBXFileReference section */

/* Begin PBXFrameworksBuildPhase section */
		171BCC9D1DD4B6FF009FF89E /* Frameworks */ = {
			isa = PBXFrameworksBuildPhase;
			buildActionMask = 2147483647;
			files = (
				171BCCE01DD4B8CF009FF89E /* libz.tbd in Frameworks */,
				171BCCDE1DD4B8B6009FF89E /* libsqlite3.tbd in Frameworks */,
				171BCCDC1DD4B8AB009FF89E /* CoreGraphics.framework in Frameworks */,
				171BCCDA1DD4B89A009FF89E /* Foundation.framework in Frameworks */,
				171BCCD81DD4B893009FF89E /* UIKit.framework in Frameworks */,
				171BCCD51DD4B887009FF89E /* CoreTelephony.framework in Frameworks */,
				171BCCD61DD4B887009FF89E /* CoreText.framework in Frameworks */,
				171BCCD21DD4B878009FF89E /* Security.framework in Frameworks */,
				171BCCD01DD4B86D009FF89E /* SystemConfiguration.framework in Frameworks */,
				171BCCCE1DD4B864009FF89E /* ImageIO.framework in Frameworks */,
				171BCCCC1DD4B859009FF89E /* QuartzCore.framework in Frameworks */,
				94EB5C9CEFE6D90560C4BBA6 /* libPods-stalk.a in Frameworks */,
			);
			runOnlyForDeploymentPostprocessing = 0;
		};
/* End PBXFrameworksBuildPhase section */

/* Begin PBXGroup section */
		171BCC971DD4B6FF009FF89E = {
			isa = PBXGroup;
			children = (
				171BCCA31DD4B6FF009FF89E /* Supporting Files */,
				171BCCA21DD4B6FF009FF89E /* stalk */,
				171BCCA11DD4B6FF009FF89E /* Products */,
				171BCCCA1DD4B858009FF89E /* Frameworks */,
				E159A72962DF6DC4345C365F /* Pods */,
			);
			sourceTree = "<group>";
		};
		171BCCA11DD4B6FF009FF89E /* Products */ = {
			isa = PBXGroup;
			children = (
				171BCCA01DD4B6FF009FF89E /* stalk.app */,
			);
			name = Products;
			sourceTree = "<group>";
		};
		171BCCA21DD4B6FF009FF89E /* stalk */ = {
			isa = PBXGroup;
			children = (
				177B21031DE5797A005A1438 /* clear247.png */,
				177B21011DE56F61005A1438 /* clear.png */,
				17AFD3F31DDDFABF007C7DB9 /* emotionResource.bundle */,
				171BCD141DD70299009FF89E /* category */,
				171BCD131DD70277009FF89E /* modal */,
				171BCD121DD7026D009FF89E /* view */,
				171BCCE81DD60E71009FF89E /* HomeTableViewController.h */,
				171BCCE91DD60E71009FF89E /* HomeTableViewController.m */,
				1741E6601DDF165D00C887D0 /* UserViewController.h */,
				1741E6611DDF165D00C887D0 /* UserViewController.m */,
				1741E66C1DE1AB6A00C887D0 /* WBRequestQueue.h */,
				1741E66D1DE1AB6A00C887D0 /* WBRequestQueue.m */,
				171BCCF41DD696F5009FF89E /* constant.h */,
				171BCCF71DD698F3009FF89E /* constant.m */,
				171BCCF91DD69BE3009FF89E /* WeiBoTabBarController.h */,
				171BCCFA1DD69BE3009FF89E /* WeiBoTabBarController.m */,
				171BCCA61DD4B6FF009FF89E /* AppDelegate.h */,
				171BCCA71DD4B6FF009FF89E /* AppDelegate.m */,
				171BCCA91DD4B6FF009FF89E /* LoginViewController.h */,
				171BCCAA1DD4B6FF009FF89E /* LoginViewController.m */,
				17AFD3F51DDED731007C7DB9 /* StatusDetailViewController.h */,
				17AFD3F61DDED732007C7DB9 /* StatusDetailViewController.m */,
				171BCCFC1DD6C110009FF89E /* UserWeiBoTableViewController.h */,
				171BCCFD1DD6C110009FF89E /* UserWeiBoTableViewController.m */,
				171BCCAC1DD4B6FF009FF89E /* Main.storyboard */,
				17FA23071DE3DD8D00617651 /* StatusDataSource.h */,
				17FA23081DE3DD8D00617651 /* StatusDataSource.m */,
				177B20EF1DE43650005A1438 /* TopicController.h */,
				177B20F01DE43650005A1438 /* TopicController.m */,
				177B20F21DE43CB0005A1438 /* SendStatusViewController.h */,
				177B20F31DE43CB0005A1438 /* SendStatusViewController.m */,
				177B20F51DE43F11005A1438 /* APPHelper.h */,
				177B20F61DE43F11005A1438 /* APPHelper.m */,
				177B21051DE6D53B005A1438 /* PhotoBrowerViewController.h */,
				177B21061DE6D53B005A1438 /* PhotoBrowerViewController.m */,
			);
			path = stalk;
			sourceTree = "<group>";
		};
		171BCCA31DD4B6FF009FF89E /* Supporting Files */ = {
			isa = PBXGroup;
			children = (
				171BCCE11DD4B93B009FF89E /* stalk-prefix.pch */,
				171BCCAF1DD4B6FF009FF89E /* Assets.xcassets */,
				171BCCB41DD4B6FF009FF89E /* Info.plist */,
				171BCCB11DD4B6FF009FF89E /* LaunchScreen.storyboard */,
				171BCCA41DD4B6FF009FF89E /* main.m */,
			);
			name = "Supporting Files";
			path = stalk;
			sourceTree = "<group>";
		};
		171BCCCA1DD4B858009FF89E /* Frameworks */ = {
			isa = PBXGroup;
			children = (
				171BCCDF1DD4B8CF009FF89E /* libz.tbd */,
				171BCCDD1DD4B8B6009FF89E /* libsqlite3.tbd */,
				171BCCDB1DD4B8AB009FF89E /* CoreGraphics.framework */,
				171BCCD91DD4B89A009FF89E /* Foundation.framework */,
				171BCCD71DD4B893009FF89E /* UIKit.framework */,
				171BCCD31DD4B887009FF89E /* CoreTelephony.framework */,
				171BCCD41DD4B887009FF89E /* CoreText.framework */,
				171BCCD11DD4B878009FF89E /* Security.framework */,
				171BCCCF1DD4B86D009FF89E /* SystemConfiguration.framework */,
				171BCCCD1DD4B864009FF89E /* ImageIO.framework */,
				171BCCCB1DD4B859009FF89E /* QuartzCore.framework */,
				A428582C3D25FA0ACB23CE58 /* libPods-stalk.a */,
			);
			name = Frameworks;
			sourceTree = "<group>";
		};
		171BCD121DD7026D009FF89E /* view */ = {
			isa = PBXGroup;
			children = (
				177B20F81DE527CE005A1438 /* YYPhotoGroupView.h */,
				177B20F91DE527CE005A1438 /* YYPhotoGroupView.m */,
				1741E6721DE1DEBD00C887D0 /* YYFPSLabel.h */,
				1741E6731DE1DEBD00C887D0 /* YYFPSLabel.m */,
				171BCD181DD7347D009FF89E /* WBStatusCell.h */,
				171BCD191DD7347D009FF89E /* WBStatusCell.m */,
				171BCD501DDB4D5E009FF89E /* STalkTextView.h */,
				171BCD511DDB4D5E009FF89E /* STalkTextView.m */,
			);
			name = view;
			sourceTree = "<group>";
		};
		171BCD131DD70277009FF89E /* modal */ = {
			isa = PBXGroup;
			children = (
				171BCCE21DD60210009FF89E /* WBUser.h */,
				171BCCE31DD60210009FF89E /* WBUser.m */,
				171BCCE51DD60245009FF89E /* WBStatus.h */,
				171BCCE61DD60245009FF89E /* WBStatus.m */,
				171BCD1B1DD7F666009FF89E /* WBStatusLayout.h */,
				171BCD1C1DD7F666009FF89E /* WBStatusLayout.m */,
				171BCD2A1DDADA38009FF89E /* Emotion.h */,
				171BCD2B1DDADA38009FF89E /* Emotion.m */,
				171BCD271DDAD6A5009FF89E /* STalkTextAttachment.h */,
				171BCD281DDAD6A5009FF89E /* STalkTextAttachment.m */,
				171BCD581DDBFC1F009FF89E /* EmotionHelper.h */,
				171BCD591DDBFC1F009FF89E /* EmotionHelper.m */,
				177B20FB1DE52CB0005A1438 /* WBPicture.h */,
				177B20FC1DE52CB0005A1438 /* WBPicture.m */,
			);
			name = modal;
			sourceTree = "<group>";
		};
		171BCD141DD70299009FF89E /* category */ = {
			isa = PBXGroup;
			children = (
				171BCCEE1DD61C57009FF89E /* WBAuthorizeResponse+copy.h */,
				171BCCEF1DD61C57009FF89E /* WBAuthorizeResponse+copy.m */,
				171BCD001DD7025A009FF89E /* NSString+Additions.h */,
				171BCD011DD7025A009FF89E /* NSString+Additions.m */,
				171BCD021DD7025A009FF89E /* UIScreen+Additions.h */,
				171BCD031DD7025A009FF89E /* UIScreen+Additions.m */,
				171BCD041DD7025A009FF89E /* UIView+Additions.h */,
				171BCD051DD7025A009FF89E /* UIView+Additions.m */,
				1741E66F1DE1D44300C887D0 /* NSObject+runtime.h */,
				1741E6701DE1D44300C887D0 /* NSObject+runtime.m */,
				17FA22FE1DE3CE0C00617651 /* WBHttpRequest+STalk.h */,
				17FA22FF1DE3CE0C00617651 /* WBHttpRequest+STalk.m */,
			);
			name = category;
			sourceTree = "<group>";
		};
		E159A72962DF6DC4345C365F /* Pods */ = {
			isa = PBXGroup;
			children = (
				87E2433D0244AA4FB3BC3E1D /* Pods-stalk.debug.xcconfig */,
				DD42CF7E439995A5093D552A /* Pods-stalk.release.xcconfig */,
			);
			name = Pods;
			sourceTree = "<group>";
		};
/* End PBXGroup section */

/* Begin PBXNativeTarget section */
		171BCC9F1DD4B6FF009FF89E /* stalk */ = {
			isa = PBXNativeTarget;
			buildConfigurationList = 171BCCB71DD4B6FF009FF89E /* Build configuration list for PBXNativeTarget "stalk" */;
			buildPhases = (
				F3EC987565CD7D393C5091BD /* [CP] Check Pods Manifest.lock */,
				171BCC9C1DD4B6FF009FF89E /* Sources */,
				171BCC9D1DD4B6FF009FF89E /* Frameworks */,
				171BCC9E1DD4B6FF009FF89E /* Resources */,
				2BE5D1A23C958BDF25C42262 /* [CP] Embed Pods Frameworks */,
				DCF28244977F2077E7B4A0A4 /* [CP] Copy Pods Resources */,
			);
			buildRules = (
			);
			dependencies = (
			);
			name = stalk;
			productName = stalk;
			productReference = 171BCCA01DD4B6FF009FF89E /* stalk.app */;
			productType = "com.apple.product-type.application";
		};
/* End PBXNativeTarget section */

/* Begin PBXProject section */
		171BCC981DD4B6FF009FF89E /* Project object */ = {
			isa = PBXProject;
			attributes = {
				LastUpgradeCheck = 0810;
				ORGANIZATIONNAME = Coding;
				TargetAttributes = {
					171BCC9F1DD4B6FF009FF89E = {
						CreatedOnToolsVersion = 8.1;
						DevelopmentTeam = 6VZY322H4U;
						ProvisioningStyle = Automatic;
					};
				};
			};
			buildConfigurationList = 171BCC9B1DD4B6FF009FF89E /* Build configuration list for PBXProject "stalk" */;
			compatibilityVersion = "Xcode 3.2";
			developmentRegion = English;
			hasScannedForEncodings = 0;
			knownRegions = (
				en,
				Base,
			);
			mainGroup = 171BCC971DD4B6FF009FF89E;
			productRefGroup = 171BCCA11DD4B6FF009FF89E /* Products */;
			projectDirPath = "";
			projectRoot = "";
			targets = (
				171BCC9F1DD4B6FF009FF89E /* stalk */,
			);
		};
/* End PBXProject section */

/* Begin PBXResourcesBuildPhase section */
		171BCC9E1DD4B6FF009FF89E /* Resources */ = {
			isa = PBXResourcesBuildPhase;
			buildActionMask = 2147483647;
			files = (
				171BCCB31DD4B6FF009FF89E /* LaunchScreen.storyboard in Resources */,
				17AFD3F41DDDFABF007C7DB9 /* emotionResource.bundle in Resources */,
				177B21021DE56F61005A1438 /* clear.png in Resources */,
				177B21041DE5797A005A1438 /* clear247.png in Resources */,
				171BCCB01DD4B6FF009FF89E /* Assets.xcassets in Resources */,
				171BCCAE1DD4B6FF009FF89E /* Main.storyboard in Resources */,
			);
			runOnlyForDeploymentPostprocessing = 0;
		};
/* End PBXResourcesBuildPhase section */

/* Begin PBXShellScriptBuildPhase section */
		2BE5D1A23C958BDF25C42262 /* [CP] Embed Pods Frameworks */ = {
			isa = PBXShellScriptBuildPhase;
			buildActionMask = 2147483647;
			files = (
			);
			inputPaths = (
			);
			name = "[CP] Embed Pods Frameworks";
			outputPaths = (
			);
			runOnlyForDeploymentPostprocessing = 0;
			shellPath = /bin/sh;
			shellScript = "\"${SRCROOT}/Pods/Target Support Files/Pods-stalk/Pods-stalk-frameworks.sh\"\n";
			showEnvVarsInLog = 0;
		};
		DCF28244977F2077E7B4A0A4 /* [CP] Copy Pods Resources */ = {
			isa = PBXShellScriptBuildPhase;
			buildActionMask = 2147483647;
			files = (
			);
			inputPaths = (
			);
			name = "[CP] Copy Pods Resources";
			outputPaths = (
			);
			runOnlyForDeploymentPostprocessing = 0;
			shellPath = /bin/sh;
			shellScript = "\"${SRCROOT}/Pods/Target Support Files/Pods-stalk/Pods-stalk-resources.sh\"\n";
			showEnvVarsInLog = 0;
		};
		F3EC987565CD7D393C5091BD /* [CP] Check Pods Manifest.lock */ = {
			isa = PBXShellScriptBuildPhase;
			buildActionMask = 2147483647;
			files = (
			);
			inputPaths = (
			);
			name = "[CP] Check Pods Manifest.lock";
			outputPaths = (
			);
			runOnlyForDeploymentPostprocessing = 0;
			shellPath = /bin/sh;
			shellScript = "diff \"${PODS_ROOT}/../Podfile.lock\" \"${PODS_ROOT}/Manifest.lock\" > /dev/null\nif [ $? != 0 ] ; then\n    # print error to STDERR\n    echo \"error: The sandbox is not in sync with the Podfile.lock. Run 'pod install' or update your CocoaPods installation.\" >&2\n    exit 1\nfi\n";
			showEnvVarsInLog = 0;
		};
/* End PBXShellScriptBuildPhase section */

/* Begin PBXSourcesBuildPhase section */
		171BCC9C1DD4B6FF009FF89E /* Sources */ = {
			isa = PBXSourcesBuildPhase;
			buildActionMask = 2147483647;
			files = (
				171BCCE71DD60245009FF89E /* WBStatus.m in Sources */,
				171BCCFB1DD69BE3009FF89E /* WeiBoTabBarController.m in Sources */,
				171BCD2C1DDADA38009FF89E /* Emotion.m in Sources */,
				1741E66E1DE1AB6A00C887D0 /* WBRequestQueue.m in Sources */,
				1741E6711DE1D44300C887D0 /* NSObject+runtime.m in Sources */,
				171BCCAB1DD4B6FF009FF89E /* LoginViewController.m in Sources */,
				177B20F41DE43CB0005A1438 /* SendStatusViewController.m in Sources */,
				171BCD0C1DD7025A009FF89E /* NSString+Additions.m in Sources */,
				177B20F71DE43F11005A1438 /* APPHelper.m in Sources */,
				177B20F11DE43650005A1438 /* TopicController.m in Sources */,
				177B20FD1DE52CB0005A1438 /* WBPicture.m in Sources */,
				171BCCE41DD60210009FF89E /* WBUser.m in Sources */,
				171BCD521DDB4D5E009FF89E /* STalkTextView.m in Sources */,
				17FA23001DE3CE0C00617651 /* WBHttpRequest+STalk.m in Sources */,
				171BCCA81DD4B6FF009FF89E /* AppDelegate.m in Sources */,
				171BCCF01DD61C57009FF89E /* WBAuthorizeResponse+copy.m in Sources */,
				177B21071DE6D53B005A1438 /* PhotoBrowerViewController.m in Sources */,
				171BCD0D1DD7025A009FF89E /* UIScreen+Additions.m in Sources */,
				1741E6741DE1DEBD00C887D0 /* YYFPSLabel.m in Sources */,
				17AFD3F71DDED732007C7DB9 /* StatusDetailViewController.m in Sources */,
				171BCCEA1DD60E71009FF89E /* HomeTableViewController.m in Sources */,
				171BCCFE1DD6C110009FF89E /* UserWeiBoTableViewController.m in Sources */,
				171BCCA51DD4B6FF009FF89E /* main.m in Sources */,
				171BCD1A1DD7347D009FF89E /* WBStatusCell.m in Sources */,
				171BCCF81DD698F3009FF89E /* constant.m in Sources */,
				171BCD1D1DD7F666009FF89E /* WBStatusLayout.m in Sources */,
				171BCD5A1DDBFC1F009FF89E /* EmotionHelper.m in Sources */,
				177B20FA1DE527CE005A1438 /* YYPhotoGroupView.m in Sources */,
				1741E6621DDF165D00C887D0 /* UserViewController.m in Sources */,
				171BCD291DDAD6A5009FF89E /* STalkTextAttachment.m in Sources */,
				17FA23091DE3DD8D00617651 /* StatusDataSource.m in Sources */,
				171BCD0E1DD7025A009FF89E /* UIView+Additions.m in Sources */,
			);
			runOnlyForDeploymentPostprocessing = 0;
		};
/* End PBXSourcesBuildPhase section */

/* Begin PBXVariantGroup section */
		171BCCAC1DD4B6FF009FF89E /* Main.storyboard */ = {
			isa = PBXVariantGroup;
			children = (
				171BCCAD1DD4B6FF009FF89E /* Base */,
			);
			name = Main.storyboard;
			sourceTree = "<group>";
		};
		171BCCB11DD4B6FF009FF89E /* LaunchScreen.storyboard */ = {
			isa = PBXVariantGroup;
			children = (
				171BCCB21DD4B6FF009FF89E /* Base */,
			);
			name = LaunchScreen.storyboard;
			sourceTree = "<group>";
		};
/* End PBXVariantGroup section */

/* Begin XCBuildConfiguration section */
		171BCCB51DD4B6FF009FF89E /* Debug */ = {
			isa = XCBuildConfiguration;
			buildSettings = {
				ALWAYS_SEARCH_USER_PATHS = NO;
				CLANG_ANALYZER_NONNULL = YES;
				CLANG_CXX_LANGUAGE_STANDARD = "gnu++0x";
				CLANG_CXX_LIBRARY = "libc++";
				CLANG_ENABLE_MODULES = YES;
				CLANG_ENABLE_OBJC_ARC = YES;
				CLANG_WARN_BOOL_CONVERSION = YES;
				CLANG_WARN_CONSTANT_CONVERSION = YES;
				CLANG_WARN_DIRECT_OBJC_ISA_USAGE = YES_ERROR;
				CLANG_WARN_DOCUMENTATION_COMMENTS = YES;
				CLANG_WARN_EMPTY_BODY = YES;
				CLANG_WARN_ENUM_CONVERSION = YES;
				CLANG_WARN_INFINITE_RECURSION = YES;
				CLANG_WARN_INT_CONVERSION = YES;
				CLANG_WARN_OBJC_ROOT_CLASS = YES_ERROR;
				CLANG_WARN_SUSPICIOUS_MOVE = YES;
				CLANG_WARN_SUSPICIOUS_MOVES = YES;
				CLANG_WARN_UNREACHABLE_CODE = YES;
				CLANG_WARN__DUPLICATE_METHOD_MATCH = YES;
				"CODE_SIGN_IDENTITY[sdk=iphoneos*]" = "iPhone Developer";
				COPY_PHASE_STRIP = NO;
				DEBUG_INFORMATION_FORMAT = dwarf;
				ENABLE_STRICT_OBJC_MSGSEND = YES;
				ENABLE_TESTABILITY = YES;
				GCC_C_LANGUAGE_STANDARD = gnu99;
				GCC_DYNAMIC_NO_PIC = NO;
				GCC_NO_COMMON_BLOCKS = YES;
				GCC_OPTIMIZATION_LEVEL = 0;
				GCC_PRECOMPILE_PREFIX_HEADER = YES;
				GCC_PREPROCESSOR_DEFINITIONS = (
					"DEBUG=1",
					"$(inherited)",
				);
				GCC_WARN_64_TO_32_BIT_CONVERSION = YES;
				GCC_WARN_ABOUT_RETURN_TYPE = YES_ERROR;
				GCC_WARN_UNDECLARED_SELECTOR = YES;
				GCC_WARN_UNINITIALIZED_AUTOS = YES_AGGRESSIVE;
				GCC_WARN_UNUSED_FUNCTION = YES;
				GCC_WARN_UNUSED_VARIABLE = YES;
				IPHONEOS_DEPLOYMENT_TARGET = 10.0;
				MTL_ENABLE_DEBUG_INFO = YES;
				ONLY_ACTIVE_ARCH = YES;
				SDKROOT = iphoneos;
				TARGETED_DEVICE_FAMILY = "1,2";
			};
			name = Debug;
		};
		171BCCB61DD4B6FF009FF89E /* Release */ = {
			isa = XCBuildConfiguration;
			buildSettings = {
				ALWAYS_SEARCH_USER_PATHS = NO;
				CLANG_ANALYZER_NONNULL = YES;
				CLANG_CXX_LANGUAGE_STANDARD = "gnu++0x";
				CLANG_CXX_LIBRARY = "libc++";
				CLANG_ENABLE_MODULES = YES;
				CLANG_ENABLE_OBJC_ARC = YES;
				CLANG_WARN_BOOL_CONVERSION = YES;
				CLANG_WARN_CONSTANT_CONVERSION = YES;
				CLANG_WARN_DIRECT_OBJC_ISA_USAGE = YES_ERROR;
				CLANG_WARN_DOCUMENTATION_COMMENTS = YES;
				CLANG_WARN_EMPTY_BODY = YES;
				CLANG_WARN_ENUM_CONVERSION = YES;
				CLANG_WARN_INFINITE_RECURSION = YES;
				CLANG_WARN_INT_CONVERSION = YES;
				CLANG_WARN_OBJC_ROOT_CLASS = YES_ERROR;
				CLANG_WARN_SUSPICIOUS_MOVE = YES;
				CLANG_WARN_SUSPICIOUS_MOVES = YES;
				CLANG_WARN_UNREACHABLE_CODE = YES;
				CLANG_WARN__DUPLICATE_METHOD_MATCH = YES;
				"CODE_SIGN_IDENTITY[sdk=iphoneos*]" = "iPhone Developer";
				COPY_PHASE_STRIP = NO;
				DEBUG_INFORMATION_FORMAT = "dwarf-with-dsym";
				ENABLE_NS_ASSERTIONS = NO;
				ENABLE_STRICT_OBJC_MSGSEND = YES;
				GCC_C_LANGUAGE_STANDARD = gnu99;
				GCC_NO_COMMON_BLOCKS = YES;
				GCC_PRECOMPILE_PREFIX_HEADER = YES;
				GCC_WARN_64_TO_32_BIT_CONVERSION = YES;
				GCC_WARN_ABOUT_RETURN_TYPE = YES_ERROR;
				GCC_WARN_UNDECLARED_SELECTOR = YES;
				GCC_WARN_UNINITIALIZED_AUTOS = YES_AGGRESSIVE;
				GCC_WARN_UNUSED_FUNCTION = YES;
				GCC_WARN_UNUSED_VARIABLE = YES;
				IPHONEOS_DEPLOYMENT_TARGET = 10.0;
				MTL_ENABLE_DEBUG_INFO = NO;
				SDKROOT = iphoneos;
				TARGETED_DEVICE_FAMILY = "1,2";
				VALIDATE_PRODUCT = YES;
			};
			name = Release;
		};
		171BCCB81DD4B6FF009FF89E /* Debug */ = {
			isa = XCBuildConfiguration;
			baseConfigurationReference = 87E2433D0244AA4FB3BC3E1D /* Pods-stalk.debug.xcconfig */;
			buildSettings = {
				ASSETCATALOG_COMPILER_APPICON_NAME = AppIcon;
				DEVELOPMENT_TEAM = 6VZY322H4U;
				GCC_PRECOMPILE_PREFIX_HEADER = YES;
				GCC_PREFIX_HEADER = "stalk/stalk-prefix.pch";
				INFOPLIST_FILE = stalk/Info.plist;
				LD_RUNPATH_SEARCH_PATHS = "$(inherited) @executable_path/Frameworks";
				LIBRARY_SEARCH_PATHS = "$(inherited)";
				OTHER_LDFLAGS = "$(inherited)";
				PRODUCT_BUNDLE_IDENTIFIER = com.cn.fglt.stalk;
				PRODUCT_NAME = "$(TARGET_NAME)";
				TARGETED_DEVICE_FAMILY = "1,2";
			};
			name = Debug;
		};
		171BCCB91DD4B6FF009FF89E /* Release */ = {
			isa = XCBuildConfiguration;
			baseConfigurationReference = DD42CF7E439995A5093D552A /* Pods-stalk.release.xcconfig */;
			buildSettings = {
				ASSETCATALOG_COMPILER_APPICON_NAME = AppIcon;
				DEVELOPMENT_TEAM = 6VZY322H4U;
				GCC_PRECOMPILE_PREFIX_HEADER = YES;
				GCC_PREFIX_HEADER = "stalk/stalk-prefix.pch";
				INFOPLIST_FILE = stalk/Info.plist;
				LD_RUNPATH_SEARCH_PATHS = "$(inherited) @executable_path/Frameworks";
				LIBRARY_SEARCH_PATHS = "$(inherited)";
				OTHER_LDFLAGS = "$(inherited)";
				PRODUCT_BUNDLE_IDENTIFIER = com.cn.fglt.stalk;
				PRODUCT_NAME = "$(TARGET_NAME)";
				TARGETED_DEVICE_FAMILY = "1,2";
			};
			name = Release;
		};
/* End XCBuildConfiguration section */

/* Begin XCConfigurationList section */
		171BCC9B1DD4B6FF009FF89E /* Build configuration list for PBXProject "stalk" */ = {
			isa = XCConfigurationList;
			buildConfigurations = (
				171BCCB51DD4B6FF009FF89E /* Debug */,
				171BCCB61DD4B6FF009FF89E /* Release */,
			);
			defaultConfigurationIsVisible = 0;
			defaultConfigurationName = Release;
		};
		171BCCB71DD4B6FF009FF89E /* Build configuration list for PBXNativeTarget "stalk" */ = {
			isa = XCConfigurationList;
			buildConfigurations = (
				171BCCB81DD4B6FF009FF89E /* Debug */,
				171BCCB91DD4B6FF009FF89E /* Release */,
			);
			defaultConfigurationIsVisible = 0;
			defaultConfigurationName = Release;
		};
/* End XCConfigurationList section */
	};
	rootObject = 171BCC981DD4B6FF009FF89E /* Project object */;
}
